
Microsoft Visual Studio Solution File, Format Version 12.00
# Visual Studio Version 17
VisualStudioVersion = 17.8.34525.116
MinimumVisualStudioVersion = 10.0.40219.1
Project("{FAE04EC0-301F-11D3-BF4B-00C04F79EFBC}") = "Practice_Api", "Practice_Api.csproj", "{3DA17810-8B87-4E72-BBAE-3C0D8C525F09}"
EndProject
Global
	GlobalSection(SolutionConfigurationPlatforms) = preSolution
		Debug|Any CPU = Debug|Any CPU
		Release|Any CPU = Release|Any CPU
	EndGlobalSection
	GlobalSection(ProjectConfigurationPlatforms) = postSolution
		{3DA17810-8B87-4E72-BBAE-3C0D8C525F09}.Debug|Any CPU.ActiveCfg = Debug|Any CPU
		{3DA17810-8B87-4E72-BBAE-3C0D8C525F09}.Debug|Any CPU.Build.0 = Debug|Any CPU
		{3DA17810-8B87-4E72-BBAE-3C0D8C525F09}.Release|Any CPU.ActiveCfg = Release|Any CPU
		{3DA17810-8B87-4E72-BBAE-3C0D8C525F09}.Release|Any CPU.Build.0 = Release|Any CPU
	EndGlobalSection
	GlobalSection(SolutionProperties) = preSolution
		HideSolutionNode = FALSE
	EndGlobalSection
	GlobalSection(ExtensibilityGlobals) = postSolution
		SolutionGuid = {AD1425B9-E1FD-416D-B2B2-B3BB67B101AE}
	EndGlobalSection
EndGlobal
